
Microsoft Visual Studio Solution File, Format Version 12.00
Project("{FAE04EC0-301F-11D3-BF4B-00C04F79EFBC}") = "EllipticCurve", "EllipticCurve\EllipticCurve.csproj", "{A9E37FD8-5C07-49AF-9186-43A8F4FEDD88}"
EndProject
Project("{FAE04EC0-301F-11D3-BF4B-00C04F79EFBC}") = "EllipticCurveTest", "EllipticCurveTest\EllipticCurveTest.csproj", "{5895A6FB-85AF-462F-9071-7E095B7E5AF1}"
EndProject
Global
	GlobalSection(SolutionConfigurationPlatforms) = preSolution
		Debug|Any CPU = Debug|Any CPU
		Release|Any CPU = Release|Any CPU
	EndGlobalSection
	GlobalSection(ProjectConfigurationPlatforms) = postSolution
		{A9E37FD8-5C07-49AF-9186-43A8F4FEDD88}.Debug|Any CPU.ActiveCfg = Debug|Any CPU
		{A9E37FD8-5C07-49AF-9186-43A8F4FEDD88}.Debug|Any CPU.Build.0 = Debug|Any CPU
		{A9E37FD8-5C07-49AF-9186-43A8F4FEDD88}.Release|Any CPU.ActiveCfg = Release|Any CPU
		{A9E37FD8-5C07-49AF-9186-43A8F4FEDD88}.Release|Any CPU.Build.0 = Release|Any CPU
		{5895A6FB-85AF-462F-9071-7E095B7E5AF1}.Debug|Any CPU.ActiveCfg = Debug|Any CPU
		{5895A6FB-85AF-462F-9071-7E095B7E5AF1}.Debug|Any CPU.Build.0 = Debug|Any CPU
		{5895A6FB-85AF-462F-9071-7E095B7E5AF1}.Release|Any CPU.ActiveCfg = Release|Any CPU
		{5895A6FB-85AF-462F-9071-7E095B7E5AF1}.Release|Any CPU.Build.0 = Release|Any CPU
	EndGlobalSection
EndGlobal
